
Microsoft Visual Studio Solution File, Format Version 12.00
# Visual Studio Version 16
VisualStudioVersion = 16.0.29911.84
MinimumVisualStudioVersion = 10.0.40219.1
Project("{FAE04EC0-301F-11D3-BF4B-00C04F79EFBC}") = "YunStorm.Weather.Teams.Web", "YunStorm.Weather.Teams.Web\YunStorm.Weather.Teams.Web.csproj", "{7554440F-5879-481D-9BD9-FD1B7E97F22C}"
EndProject
Global
	GlobalSection(SolutionConfigurationPlatforms) = preSolution
		Debug|Any CPU = Debug|Any CPU
		Release|Any CPU = Release|Any CPU
	EndGlobalSection
	GlobalSection(ProjectConfigurationPlatforms) = postSolution
		{7554440F-5879-481D-9BD9-FD1B7E97F22C}.Debug|Any CPU.ActiveCfg = Debug|Any CPU
		{7554440F-5879-481D-9BD9-FD1B7E97F22C}.Debug|Any CPU.Build.0 = Debug|Any CPU
		{7554440F-5879-481D-9BD9-FD1B7E97F22C}.Release|Any CPU.ActiveCfg = Release|Any CPU
		{7554440F-5879-481D-9BD9-FD1B7E97F22C}.Release|Any CPU.Build.0 = Release|Any CPU
	EndGlobalSection
	GlobalSection(SolutionProperties) = preSolution
		HideSolutionNode = FALSE
	EndGlobalSection
	GlobalSection(ExtensibilityGlobals) = postSolution
		SolutionGuid = {B4689E05-CD74-40AD-AE10-6397474CB70E}
	EndGlobalSection
EndGlobal
